
Microsoft Visual Studio Solution File, Format Version 12.00
# Visual Studio 15
VisualStudioVersion = 15.0.28010.2050
MinimumVisualStudioVersion = 10.0.40219.1
Project("{FAE04EC0-301F-11D3-BF4B-00C04F79EFBC}") = "HeaderCommenter", "HeaderCommenter\HeaderCommenter.csproj", "{BFDFC884-1533-44DA-A640-F5D58FB8D601}"
EndProject
Global
	GlobalSection(SolutionConfigurationPlatforms) = preSolution
		Debug|Any CPU = Debug|Any CPU
		Release|Any CPU = Release|Any CPU
	EndGlobalSection
	GlobalSection(ProjectConfigurationPlatforms) = postSolution
		{BFDFC884-1533-44DA-A640-F5D58FB8D601}.Debug|Any CPU.ActiveCfg = Debug|Any CPU
		{BFDFC884-1533-44DA-A640-F5D58FB8D601}.Debug|Any CPU.Build.0 = Debug|Any CPU
		{BFDFC884-1533-44DA-A640-F5D58FB8D601}.Release|Any CPU.ActiveCfg = Release|Any CPU
		{BFDFC884-1533-44DA-A640-F5D58FB8D601}.Release|Any CPU.Build.0 = Release|Any CPU
	EndGlobalSection
	GlobalSection(SolutionProperties) = preSolution
		HideSolutionNode = FALSE
	EndGlobalSection
	GlobalSection(ExtensibilityGlobals) = postSolution
		SolutionGuid = {B03770E7-161F-49DE-8742-B86D79596C21}
	EndGlobalSection
EndGlobal
